schema: '2.0'
stages:
  train:
    cmd: uv run python -m src.train
    deps:
    - path: data/chemical_ddi.csv
      hash: md5
      md5: 04444769c2709e382de5bc0fff917be6
      size: 18767043
    - path: src/features.py
      hash: md5
      md5: a84128825702cd420cee6aceee6a6b56
      size: 3494
    - path: src/models.py
      hash: md5
      md5: 573f4d9465c5d2363580885dbdfb3ace
      size: 3104
    - path: src/train.py
      hash: md5
      md5: ee703bb847c8ff26903898246f001166
      size: 12687
    outs:
    - path: results.json
      hash: md5
      md5: 68c7fae46e70ca5fecaee70a61d78ac5
      size: 6141
